
Microsoft Visual Studio Solution File, Format Version 12.00
# Visual Studio Version 17
VisualStudioVersion = 17.9.34723.18
MinimumVisualStudioVersion = 10.0.40219.1
Project("{FAE04EC0-301F-11D3-BF4B-00C04F79EFBC}") = "StoreAccounting.App", "StoreAccounting.App\StoreAccounting.App.csproj", "{B525D126-1BFC-49EC-B6BA-46B5D48BD3DC}"
EndProject
Global
	GlobalSection(SolutionConfigurationPlatforms) = preSolution
		Debug|Any CPU = Debug|Any CPU
		Release|Any CPU = Release|Any CPU
	EndGlobalSection
	GlobalSection(ProjectConfigurationPlatforms) = postSolution
		{B525D126-1BFC-49EC-B6BA-46B5D48BD3DC}.Debug|Any CPU.ActiveCfg = Debug|Any CPU
		{B525D126-1BFC-49EC-B6BA-46B5D48BD3DC}.Debug|Any CPU.Build.0 = Debug|Any CPU
		{B525D126-1BFC-49EC-B6BA-46B5D48BD3DC}.Release|Any CPU.ActiveCfg = Release|Any CPU
		{B525D126-1BFC-49EC-B6BA-46B5D48BD3DC}.Release|Any CPU.Build.0 = Release|Any CPU
	EndGlobalSection
	GlobalSection(SolutionProperties) = preSolution
		HideSolutionNode = FALSE
	EndGlobalSection
	GlobalSection(ExtensibilityGlobals) = postSolution
		SolutionGuid = {3E66D5F6-A964-4F00-A79F-667E58C27D3D}
	EndGlobalSection
EndGlobal
